
Microsoft Visual Studio Solution File, Format Version 12.00
# Visual Studio Version 16
VisualStudioVersion = 16.0.31205.134
MinimumVisualStudioVersion = 10.0.40219.1
Project("{FAE04EC0-301F-11D3-BF4B-00C04F79EFBC}") = "MassTransitTest", "MassTransitTest\MassTransitTest.csproj", "{51305199-52F7-46E0-9D80-B2B41A84117E}"
EndProject
Global
	GlobalSection(SolutionConfigurationPlatforms) = preSolution
		Debug|Any CPU = Debug|Any CPU
		Release|Any CPU = Release|Any CPU
	EndGlobalSection
	GlobalSection(ProjectConfigurationPlatforms) = postSolution
		{51305199-52F7-46E0-9D80-B2B41A84117E}.Debug|Any CPU.ActiveCfg = Debug|Any CPU
		{51305199-52F7-46E0-9D80-B2B41A84117E}.Debug|Any CPU.Build.0 = Debug|Any CPU
		{51305199-52F7-46E0-9D80-B2B41A84117E}.Release|Any CPU.ActiveCfg = Release|Any CPU
		{51305199-52F7-46E0-9D80-B2B41A84117E}.Release|Any CPU.Build.0 = Release|Any CPU
	EndGlobalSection
	GlobalSection(SolutionProperties) = preSolution
		HideSolutionNode = FALSE
	EndGlobalSection
	GlobalSection(ExtensibilityGlobals) = postSolution
		SolutionGuid = {3533CA28-0814-466D-84B5-700212D872DA}
	EndGlobalSection
EndGlobal
